// !$*UTF8*$!
{
	archiveVersion = 1;
	classes = {
	};
	objectVersion = 46;
	objects = {

/* Begin PBXBuildFile section */
		AA11D4241CC8AD8900A19EEB /* SBSource.h in CopyFiles */ = {isa = PBXBuildFile; fileRef = AA11D4231CC8AD8900A19EEB /* SBSource.h */; };
		AA11D4261CC8AD8900A19EEB /* SBSource.m in Sources */ = {isa = PBXBuildFile; fileRef = AA11D4251CC8AD8900A19EEB /* SBSource.m */; };
		AA11D42E1CC8AEE600A19EEB /* SBSubscription.m in Sources */ = {isa = PBXBuildFile; fileRef = AA11D42D1CC8AEE600A19EEB /* SBSubscription.m */; };
		AA37478E1CC8BC0B005FB31E /* SBCancellable.m in Sources */ = {isa = PBXBuildFile; fileRef = AA37478D1CC8BC0B005FB31E /* SBCancellable.m */; };
		AA3747911CC8BE02005FB31E /* SBSignal.m in Sources */ = {isa = PBXBuildFile; fileRef = AA3747901CC8BE02005FB31E /* SBSignal.m */; };
/* End PBXBuildFile section */

/* Begin PBXCopyFilesBuildPhase section */
		AA11D41E1CC8AD8900A19EEB /* CopyFiles */ = {
			isa = PBXCopyFilesBuildPhase;
			buildActionMask = 2147483647;
			dstPath = "include/$(PRODUCT_NAME)";
			dstSubfolderSpec = 16;
			files = (
				AA11D4241CC8AD8900A19EEB /* SBSource.h in CopyFiles */,
			);
			runOnlyForDeploymentPostprocessing = 0;
		};
/* End PBXCopyFilesBuildPhase section */

/* Begin PBXFileReference section */
		AA11D4201CC8AD8900A19EEB /* libSB-Obj-C.a */ = {isa = PBXFileReference; explicitFileType = archive.ar; includeInIndex = 0; path = "libSB-Obj-C.a"; sourceTree = BUILT_PRODUCTS_DIR; };
		AA11D4231CC8AD8900A19EEB /* SBSource.h */ = {isa = PBXFileReference; lastKnownFileType = sourcecode.c.h; path = SBSource.h; sourceTree = "<group>"; };
		AA11D4251CC8AD8900A19EEB /* SBSource.m */ = {isa = PBXFileReference; lastKnownFileType = sourcecode.c.objc; path = SBSource.m; sourceTree = "<group>"; };
		AA11D42C1CC8AEE600A19EEB /* SBSubscription.h */ = {isa = PBXFileReference; fileEncoding = 4; lastKnownFileType = sourcecode.c.h; path = SBSubscription.h; sourceTree = "<group>"; };
		AA11D42D1CC8AEE600A19EEB /* SBSubscription.m */ = {isa = PBXFileReference; fileEncoding = 4; lastKnownFileType = sourcecode.c.objc; path = SBSubscription.m; sourceTree = "<group>"; };
		AA37478C1CC8BC0B005FB31E /* SBCancellable.h */ = {isa = PBXFileReference; fileEncoding = 4; lastKnownFileType = sourcecode.c.h; path = SBCancellable.h; sourceTree = "<group>"; };
		AA37478D1CC8BC0B005FB31E /* SBCancellable.m */ = {isa = PBXFileReference; fileEncoding = 4; lastKnownFileType = sourcecode.c.objc; path = SBCancellable.m; sourceTree = "<group>"; };
		AA37478F1CC8BE02005FB31E /* SBSignal.h */ = {isa = PBXFileReference; fileEncoding = 4; lastKnownFileType = sourcecode.c.h; path = SBSignal.h; sourceTree = "<group>"; };
		AA3747901CC8BE02005FB31E /* SBSignal.m */ = {isa = PBXFileReference; fileEncoding = 4; lastKnownFileType = sourcecode.c.objc; path = SBSignal.m; sourceTree = "<group>"; };
/* End PBXFileReference section */

/* Begin PBXFrameworksBuildPhase section */
		AA11D41D1CC8AD8900A19EEB /* Frameworks */ = {
			isa = PBXFrameworksBuildPhase;
			buildActionMask = 2147483647;
			files = (
			);
			runOnlyForDeploymentPostprocessing = 0;
		};
/* End PBXFrameworksBuildPhase section */

/* Begin PBXGroup section */
		AA11D4171CC8AD8900A19EEB = {
			isa = PBXGroup;
			children = (
				AA11D4221CC8AD8900A19EEB /* SB-Obj-C */,
				AA11D4211CC8AD8900A19EEB /* Products */,
			);
			sourceTree = "<group>";
		};
		AA11D4211CC8AD8900A19EEB /* Products */ = {
			isa = PBXGroup;
			children = (
				AA11D4201CC8AD8900A19EEB /* libSB-Obj-C.a */,
			);
			name = Products;
			sourceTree = "<group>";
		};
		AA11D4221CC8AD8900A19EEB /* SB-Obj-C */ = {
			isa = PBXGroup;
			children = (
				AA11D4231CC8AD8900A19EEB /* SBSource.h */,
				AA11D4251CC8AD8900A19EEB /* SBSource.m */,
				AA37478F1CC8BE02005FB31E /* SBSignal.h */,
				AA3747901CC8BE02005FB31E /* SBSignal.m */,
				AA11D42C1CC8AEE600A19EEB /* SBSubscription.h */,
				AA11D42D1CC8AEE600A19EEB /* SBSubscription.m */,
				AA37478C1CC8BC0B005FB31E /* SBCancellable.h */,
				AA37478D1CC8BC0B005FB31E /* SBCancellable.m */,
			);
			path = "SB-Obj-C";
			sourceTree = "<group>";
		};
/* End PBXGroup section */

/* Begin PBXNativeTarget section */
		AA11D41F1CC8AD8900A19EEB /* SB-Obj-C */ = {
			isa = PBXNativeTarget;
			buildConfigurationList = AA11D4291CC8AD8900A19EEB /* Build configuration list for PBXNativeTarget "SB-Obj-C" */;
			buildPhases = (
				AA11D41C1CC8AD8900A19EEB /* Sources */,
				AA11D41D1CC8AD8900A19EEB /* Frameworks */,
				AA11D41E1CC8AD8900A19EEB /* CopyFiles */,
			);
			buildRules = (
			);
			dependencies = (
			);
			name = "SB-Obj-C";
			productName = "SB-Obj-C";
			productReference = AA11D4201CC8AD8900A19EEB /* libSB-Obj-C.a */;
			productType = "com.apple.product-type.library.static";
		};
/* End PBXNativeTarget section */

/* Begin PBXProject section */
		AA11D4181CC8AD8900A19EEB /* Project object */ = {
			isa = PBXProject;
			attributes = {
				LastUpgradeCheck = 0720;
				ORGANIZATIONNAME = "Steve Brunwasser";
				TargetAttributes = {
					AA11D41F1CC8AD8900A19EEB = {
						CreatedOnToolsVersion = 7.2.1;
					};
				};
			};
			buildConfigurationList = AA11D41B1CC8AD8900A19EEB /* Build configuration list for PBXProject "SB-Obj-C" */;
			compatibilityVersion = "Xcode 3.2";
			developmentRegion = English;
			hasScannedForEncodings = 0;
			knownRegions = (
				en,
			);
			mainGroup = AA11D4171CC8AD8900A19EEB;
			productRefGroup = AA11D4211CC8AD8900A19EEB /* Products */;
			projectDirPath = "";
			projectRoot = "";
			targets = (
				AA11D41F1CC8AD8900A19EEB /* SB-Obj-C */,
			);
		};
/* End PBXProject section */

/* Begin PBXSourcesBuildPhase section */
		AA11D41C1CC8AD8900A19EEB /* Sources */ = {
			isa = PBXSourcesBuildPhase;
			buildActionMask = 2147483647;
			files = (
				AA37478E1CC8BC0B005FB31E /* SBCancellable.m in Sources */,
				AA11D42E1CC8AEE600A19EEB /* SBSubscription.m in Sources */,
				AA11D4261CC8AD8900A19EEB /* SBSource.m in Sources */,
				AA3747911CC8BE02005FB31E /* SBSignal.m in Sources */,
			);
			runOnlyForDeploymentPostprocessing = 0;
		};
/* End PBXSourcesBuildPhase section */

/* Begin XCBuildConfiguration section */
		AA11D4271CC8AD8900A19EEB /* Debug */ = {
			isa = XCBuildConfiguration;
			buildSettings = {
				ALWAYS_SEARCH_USER_PATHS = NO;
				CLANG_CXX_LANGUAGE_STANDARD = "gnu++0x";
				CLANG_CXX_LIBRARY = "libc++";
				CLANG_ENABLE_MODULES = YES;
				CLANG_ENABLE_OBJC_ARC = YES;
				CLANG_WARN_BOOL_CONVERSION = YES;
				CLANG_WARN_CONSTANT_CONVERSION = YES;
				CLANG_WARN_DIRECT_OBJC_ISA_USAGE = YES_ERROR;
				CLANG_WARN_EMPTY_BODY = YES;
				CLANG_WARN_ENUM_CONVERSION = YES;
				CLANG_WARN_INT_CONVERSION = YES;
				CLANG_WARN_OBJC_ROOT_CLASS = YES_ERROR;
				CLANG_WARN_UNREACHABLE_CODE = YES;
				CLANG_WARN__DUPLICATE_METHOD_MATCH = YES;
				"CODE_SIGN_IDENTITY[sdk=iphoneos*]" = "iPhone Developer";
				COPY_PHASE_STRIP = NO;
				DEBUG_INFORMATION_FORMAT = dwarf;
				ENABLE_STRICT_OBJC_MSGSEND = YES;
				ENABLE_TESTABILITY = YES;
				GCC_C_LANGUAGE_STANDARD = gnu99;
				GCC_DYNAMIC_NO_PIC = NO;
				GCC_NO_COMMON_BLOCKS = YES;
				GCC_OPTIMIZATION_LEVEL = 0;
				GCC_PREPROCESSOR_DEFINITIONS = (
					"DEBUG=1",
					"$(inherited)",
				);
				GCC_WARN_64_TO_32_BIT_CONVERSION = YES;
				GCC_WARN_ABOUT_RETURN_TYPE = YES_ERROR;
				GCC_WARN_UNDECLARED_SELECTOR = YES;
				GCC_WARN_UNINITIALIZED_AUTOS = YES_AGGRESSIVE;
				GCC_WARN_UNUSED_FUNCTION = YES;
				GCC_WARN_UNUSED_VARIABLE = YES;
				IPHONEOS_DEPLOYMENT_TARGET = 9.2;
				MTL_ENABLE_DEBUG_INFO = YES;
				ONLY_ACTIVE_ARCH = YES;
				SDKROOT = iphoneos;
			};
			name = Debug;
		};
		AA11D4281CC8AD8900A19EEB /* Release */ = {
			isa = XCBuildConfiguration;
			buildSettings = {
				ALWAYS_SEARCH_USER_PATHS = NO;
				CLANG_CXX_LANGUAGE_STANDARD = "gnu++0x";
				CLANG_CXX_LIBRARY = "libc++";
				CLANG_ENABLE_MODULES = YES;
				CLANG_ENABLE_OBJC_ARC = YES;
				CLANG_WARN_BOOL_CONVERSION = YES;
				CLANG_WARN_CONSTANT_CONVERSION = YES;
				CLANG_WARN_DIRECT_OBJC_ISA_USAGE = YES_ERROR;
				CLANG_WARN_EMPTY_BODY = YES;
				CLANG_WARN_ENUM_CONVERSION = YES;
				CLANG_WARN_INT_CONVERSION = YES;
				CLANG_WARN_OBJC_ROOT_CLASS = YES_ERROR;
				CLANG_WARN_UNREACHABLE_CODE = YES;
				CLANG_WARN__DUPLICATE_METHOD_MATCH = YES;
				"CODE_SIGN_IDENTITY[sdk=iphoneos*]" = "iPhone Developer";
				COPY_PHASE_STRIP = NO;
				DEBUG_INFORMATION_FORMAT = "dwarf-with-dsym";
				ENABLE_NS_ASSERTIONS = NO;
				ENABLE_STRICT_OBJC_MSGSEND = YES;
				GCC_C_LANGUAGE_STANDARD = gnu99;
				GCC_NO_COMMON_BLOCKS = YES;
				GCC_WARN_64_TO_32_BIT_CONVERSION = YES;
				GCC_WARN_ABOUT_RETURN_TYPE = YES_ERROR;
				GCC_WARN_UNDECLARED_SELECTOR = YES;
				GCC_WARN_UNINITIALIZED_AUTOS = YES_AGGRESSIVE;
				GCC_WARN_UNUSED_FUNCTION = YES;
				GCC_WARN_UNUSED_VARIABLE = YES;
				IPHONEOS_DEPLOYMENT_TARGET = 9.2;
				MTL_ENABLE_DEBUG_INFO = NO;
				SDKROOT = iphoneos;
				VALIDATE_PRODUCT = YES;
			};
			name = Release;
		};
		AA11D42A1CC8AD8900A19EEB /* Debug */ = {
			isa = XCBuildConfiguration;
			buildSettings = {
				OTHER_LDFLAGS = "-ObjC";
				PRODUCT_NAME = "$(TARGET_NAME)";
				SKIP_INSTALL = YES;
			};
			name = Debug;
		};
		AA11D42B1CC8AD8900A19EEB /* Release */ = {
			isa = XCBuildConfiguration;
			buildSettings = {
				OTHER_LDFLAGS = "-ObjC";
				PRODUCT_NAME = "$(TARGET_NAME)";
				SKIP_INSTALL = YES;
			};
			name = Release;
		};
/* End XCBuildConfiguration section */

/* Begin XCConfigurationList section */
		AA11D41B1CC8AD8900A19EEB /* Build configuration list for PBXProject "SB-Obj-C" */ = {
			isa = XCConfigurationList;
			buildConfigurations = (
				AA11D4271CC8AD8900A19EEB /* Debug */,
				AA11D4281CC8AD8900A19EEB /* Release */,
			);
			defaultConfigurationIsVisible = 0;
			defaultConfigurationName = Release;
		};
		AA11D4291CC8AD8900A19EEB /* Build configuration list for PBXNativeTarget "SB-Obj-C" */ = {
			isa = XCConfigurationList;
			buildConfigurations = (
				AA11D42A1CC8AD8900A19EEB /* Debug */,
				AA11D42B1CC8AD8900A19EEB /* Release */,
			);
			defaultConfigurationIsVisible = 0;
			defaultConfigurationName = Release;
		};
/* End XCConfigurationList section */
	};
	rootObject = AA11D4181CC8AD8900A19EEB /* Project object */;
}
