// !$*UTF8*$!
{
	archiveVersion = 1;
	classes = {
	};
	objectVersion = 46;
	objects = {

/* Begin PBXBuildFile section */
		AA032BA21CCB2A54009AA88B /* UsefulUtils.h in Headers */ = {isa = PBXBuildFile; fileRef = AA032BA11CCB2A54009AA88B /* UsefulUtils.h */; settings = {ATTRIBUTES = (Public, ); }; };
		AA032BA91CCB2A54009AA88B /* UsefulUtils.framework in Frameworks */ = {isa = PBXBuildFile; fileRef = AA032B9F1CCB2A54009AA88B /* UsefulUtils.framework */; };
		AA032BAE1CCB2A54009AA88B /* UsefulUtilsTests.m in Sources */ = {isa = PBXBuildFile; fileRef = AA032BAD1CCB2A54009AA88B /* UsefulUtilsTests.m */; };
		AA032BB61CCB2A9D009AA88B /* UUSource.m in Sources */ = {isa = PBXBuildFile; fileRef = AA11D4251CC8AD8900A19EEB /* UUSource.m */; };
		AA032BB71CCB2AA4009AA88B /* UUSource.h in Headers */ = {isa = PBXBuildFile; fileRef = AA11D4231CC8AD8900A19EEB /* UUSource.h */; settings = {ATTRIBUTES = (Public, ); }; };
		AA032BB81CCB2AA4009AA88B /* UUSignal.h in Headers */ = {isa = PBXBuildFile; fileRef = AA37478F1CC8BE02005FB31E /* UUSignal.h */; settings = {ATTRIBUTES = (Public, ); }; };
		AA032BB91CCB2AA4009AA88B /* UUSignal.m in Sources */ = {isa = PBXBuildFile; fileRef = AA3747901CC8BE02005FB31E /* UUSignal.m */; };
		AA032BBA1CCB2AA4009AA88B /* UUSubscription.h in Headers */ = {isa = PBXBuildFile; fileRef = AA11D42C1CC8AEE600A19EEB /* UUSubscription.h */; settings = {ATTRIBUTES = (Public, ); }; };
		AA032BBB1CCB2AA4009AA88B /* UUSubscription.m in Sources */ = {isa = PBXBuildFile; fileRef = AA11D42D1CC8AEE600A19EEB /* UUSubscription.m */; };
		AA032BBC1CCB2AA4009AA88B /* UUCancellable.h in Headers */ = {isa = PBXBuildFile; fileRef = AA37478C1CC8BC0B005FB31E /* UUCancellable.h */; settings = {ATTRIBUTES = (Public, ); }; };
		AA032BBD1CCB2AA4009AA88B /* UUCancellable.m in Sources */ = {isa = PBXBuildFile; fileRef = AA37478D1CC8BC0B005FB31E /* UUCancellable.m */; };
		AA032BBE1CCB2AA4009AA88B /* UUMaybe.h in Headers */ = {isa = PBXBuildFile; fileRef = AA032B941CCB16D9009AA88B /* UUMaybe.h */; settings = {ATTRIBUTES = (Public, ); }; };
		AA032BBF1CCB2AA4009AA88B /* UUMaybe.m in Sources */ = {isa = PBXBuildFile; fileRef = AA032B951CCB16D9009AA88B /* UUMaybe.m */; };
		AA032BC01CCB2AA4009AA88B /* UUDispatch.h in Headers */ = {isa = PBXBuildFile; fileRef = AA032B971CCB191C009AA88B /* UUDispatch.h */; settings = {ATTRIBUTES = (Public, ); }; };
		AA032BC11CCB2AA4009AA88B /* UUDispatch.m in Sources */ = {isa = PBXBuildFile; fileRef = AA032B981CCB191C009AA88B /* UUDispatch.m */; };
		AA032BC41CCB2C62009AA88B /* UUTask.h in Headers */ = {isa = PBXBuildFile; fileRef = AA032BC21CCB2C62009AA88B /* UUTask.h */; settings = {ATTRIBUTES = (Public, ); }; };
		AA032BC51CCB2C62009AA88B /* UUTask.m in Sources */ = {isa = PBXBuildFile; fileRef = AA032BC31CCB2C62009AA88B /* UUTask.m */; };
		AA032BC81CCB2DAE009AA88B /* UUMap.h in Headers */ = {isa = PBXBuildFile; fileRef = AA032BC61CCB2DAE009AA88B /* UUMap.h */; settings = {ATTRIBUTES = (Public, ); }; };
		AA032BC91CCB2DAE009AA88B /* UUMap.m in Sources */ = {isa = PBXBuildFile; fileRef = AA032BC71CCB2DAE009AA88B /* UUMap.m */; };
/* End PBXBuildFile section */

/* Begin PBXContainerItemProxy section */
		AA032BAA1CCB2A54009AA88B /* PBXContainerItemProxy */ = {
			isa = PBXContainerItemProxy;
			containerPortal = AA11D4181CC8AD8900A19EEB /* Project object */;
			proxyType = 1;
			remoteGlobalIDString = AA032B9E1CCB2A54009AA88B;
			remoteInfo = UsefulUtils;
		};
/* End PBXContainerItemProxy section */

/* Begin PBXFileReference section */
		AA032B941CCB16D9009AA88B /* UUMaybe.h */ = {isa = PBXFileReference; fileEncoding = 4; lastKnownFileType = sourcecode.c.h; path = UUMaybe.h; sourceTree = "<group>"; };
		AA032B951CCB16D9009AA88B /* UUMaybe.m */ = {isa = PBXFileReference; fileEncoding = 4; lastKnownFileType = sourcecode.c.objc; path = UUMaybe.m; sourceTree = "<group>"; };
		AA032B971CCB191C009AA88B /* UUDispatch.h */ = {isa = PBXFileReference; fileEncoding = 4; lastKnownFileType = sourcecode.c.h; path = UUDispatch.h; sourceTree = "<group>"; };
		AA032B981CCB191C009AA88B /* UUDispatch.m */ = {isa = PBXFileReference; fileEncoding = 4; lastKnownFileType = sourcecode.c.objc; path = UUDispatch.m; sourceTree = "<group>"; };
		AA032B9F1CCB2A54009AA88B /* UsefulUtils.framework */ = {isa = PBXFileReference; explicitFileType = wrapper.framework; includeInIndex = 0; path = UsefulUtils.framework; sourceTree = BUILT_PRODUCTS_DIR; };
		AA032BA11CCB2A54009AA88B /* UsefulUtils.h */ = {isa = PBXFileReference; lastKnownFileType = sourcecode.c.h; path = UsefulUtils.h; sourceTree = "<group>"; };
		AA032BA31CCB2A54009AA88B /* Info.plist */ = {isa = PBXFileReference; lastKnownFileType = text.plist.xml; path = Info.plist; sourceTree = "<group>"; };
		AA032BA81CCB2A54009AA88B /* UsefulUtilsTests.xctest */ = {isa = PBXFileReference; explicitFileType = wrapper.cfbundle; includeInIndex = 0; path = UsefulUtilsTests.xctest; sourceTree = BUILT_PRODUCTS_DIR; };
		AA032BAD1CCB2A54009AA88B /* UsefulUtilsTests.m */ = {isa = PBXFileReference; lastKnownFileType = sourcecode.c.objc; path = UsefulUtilsTests.m; sourceTree = "<group>"; };
		AA032BAF1CCB2A54009AA88B /* Info.plist */ = {isa = PBXFileReference; lastKnownFileType = text.plist.xml; path = Info.plist; sourceTree = "<group>"; };
		AA032BC21CCB2C62009AA88B /* UUTask.h */ = {isa = PBXFileReference; fileEncoding = 4; lastKnownFileType = sourcecode.c.h; path = UUTask.h; sourceTree = "<group>"; };
		AA032BC31CCB2C62009AA88B /* UUTask.m */ = {isa = PBXFileReference; fileEncoding = 4; lastKnownFileType = sourcecode.c.objc; path = UUTask.m; sourceTree = "<group>"; };
		AA032BC61CCB2DAE009AA88B /* UUMap.h */ = {isa = PBXFileReference; fileEncoding = 4; lastKnownFileType = sourcecode.c.h; path = UUMap.h; sourceTree = "<group>"; };
		AA032BC71CCB2DAE009AA88B /* UUMap.m */ = {isa = PBXFileReference; fileEncoding = 4; lastKnownFileType = sourcecode.c.objc; path = UUMap.m; sourceTree = "<group>"; };
		AA11D4231CC8AD8900A19EEB /* UUSource.h */ = {isa = PBXFileReference; lastKnownFileType = sourcecode.c.h; path = UUSource.h; sourceTree = "<group>"; };
		AA11D4251CC8AD8900A19EEB /* UUSource.m */ = {isa = PBXFileReference; lastKnownFileType = sourcecode.c.objc; path = UUSource.m; sourceTree = "<group>"; };
		AA11D42C1CC8AEE600A19EEB /* UUSubscription.h */ = {isa = PBXFileReference; fileEncoding = 4; lastKnownFileType = sourcecode.c.h; path = UUSubscription.h; sourceTree = "<group>"; };
		AA11D42D1CC8AEE600A19EEB /* UUSubscription.m */ = {isa = PBXFileReference; fileEncoding = 4; lastKnownFileType = sourcecode.c.objc; path = UUSubscription.m; sourceTree = "<group>"; };
		AA37478C1CC8BC0B005FB31E /* UUCancellable.h */ = {isa = PBXFileReference; fileEncoding = 4; lastKnownFileType = sourcecode.c.h; path = UUCancellable.h; sourceTree = "<group>"; };
		AA37478D1CC8BC0B005FB31E /* UUCancellable.m */ = {isa = PBXFileReference; fileEncoding = 4; lastKnownFileType = sourcecode.c.objc; path = UUCancellable.m; sourceTree = "<group>"; };
		AA37478F1CC8BE02005FB31E /* UUSignal.h */ = {isa = PBXFileReference; fileEncoding = 4; lastKnownFileType = sourcecode.c.h; path = UUSignal.h; sourceTree = "<group>"; };
		AA3747901CC8BE02005FB31E /* UUSignal.m */ = {isa = PBXFileReference; fileEncoding = 4; lastKnownFileType = sourcecode.c.objc; path = UUSignal.m; sourceTree = "<group>"; };
/* End PBXFileReference section */

/* Begin PBXFrameworksBuildPhase section */
		AA032B9B1CCB2A54009AA88B /* Frameworks */ = {
			isa = PBXFrameworksBuildPhase;
			buildActionMask = 2147483647;
			files = (
			);
			runOnlyForDeploymentPostprocessing = 0;
		};
		AA032BA51CCB2A54009AA88B /* Frameworks */ = {
			isa = PBXFrameworksBuildPhase;
			buildActionMask = 2147483647;
			files = (
				AA032BA91CCB2A54009AA88B /* UsefulUtils.framework in Frameworks */,
			);
			runOnlyForDeploymentPostprocessing = 0;
		};
/* End PBXFrameworksBuildPhase section */

/* Begin PBXGroup section */
		AA032BAC1CCB2A54009AA88B /* UsefulUtilsTests */ = {
			isa = PBXGroup;
			children = (
				AA032BAD1CCB2A54009AA88B /* UsefulUtilsTests.m */,
				AA032BAF1CCB2A54009AA88B /* Info.plist */,
			);
			path = UsefulUtilsTests;
			sourceTree = "<group>";
		};
		AA11D4171CC8AD8900A19EEB = {
			isa = PBXGroup;
			children = (
				AA11D4211CC8AD8900A19EEB /* Products */,
				AA11D4221CC8AD8900A19EEB /* UsefulUtils */,
				AA032BAC1CCB2A54009AA88B /* UsefulUtilsTests */,
			);
			sourceTree = "<group>";
		};
		AA11D4211CC8AD8900A19EEB /* Products */ = {
			isa = PBXGroup;
			children = (
				AA032B9F1CCB2A54009AA88B /* UsefulUtils.framework */,
				AA032BA81CCB2A54009AA88B /* UsefulUtilsTests.xctest */,
			);
			name = Products;
			sourceTree = "<group>";
		};
		AA11D4221CC8AD8900A19EEB /* UsefulUtils */ = {
			isa = PBXGroup;
			children = (
				AA032BA31CCB2A54009AA88B /* Info.plist */,
				AA032BA11CCB2A54009AA88B /* UsefulUtils.h */,
				AA37478C1CC8BC0B005FB31E /* UUCancellable.h */,
				AA37478D1CC8BC0B005FB31E /* UUCancellable.m */,
				AA032B971CCB191C009AA88B /* UUDispatch.h */,
				AA032B981CCB191C009AA88B /* UUDispatch.m */,
				AA032BC61CCB2DAE009AA88B /* UUMap.h */,
				AA032BC71CCB2DAE009AA88B /* UUMap.m */,
				AA032B941CCB16D9009AA88B /* UUMaybe.h */,
				AA032B951CCB16D9009AA88B /* UUMaybe.m */,
				AA37478F1CC8BE02005FB31E /* UUSignal.h */,
				AA3747901CC8BE02005FB31E /* UUSignal.m */,
				AA11D4231CC8AD8900A19EEB /* UUSource.h */,
				AA11D4251CC8AD8900A19EEB /* UUSource.m */,
				AA11D42C1CC8AEE600A19EEB /* UUSubscription.h */,
				AA11D42D1CC8AEE600A19EEB /* UUSubscription.m */,
				AA032BC21CCB2C62009AA88B /* UUTask.h */,
				AA032BC31CCB2C62009AA88B /* UUTask.m */,
			);
			path = UsefulUtils;
			sourceTree = "<group>";
		};
/* End PBXGroup section */

/* Begin PBXHeadersBuildPhase section */
		AA032B9C1CCB2A54009AA88B /* Headers */ = {
			isa = PBXHeadersBuildPhase;
			buildActionMask = 2147483647;
			files = (
				AA032BC81CCB2DAE009AA88B /* UUMap.h in Headers */,
				AA032BA21CCB2A54009AA88B /* UsefulUtils.h in Headers */,
				AA032BBA1CCB2AA4009AA88B /* UUSubscription.h in Headers */,
				AA032BB81CCB2AA4009AA88B /* UUSignal.h in Headers */,
				AA032BC41CCB2C62009AA88B /* UUTask.h in Headers */,
				AA032BBC1CCB2AA4009AA88B /* UUCancellable.h in Headers */,
				AA032BC01CCB2AA4009AA88B /* UUDispatch.h in Headers */,
				AA032BB71CCB2AA4009AA88B /* UUSource.h in Headers */,
				AA032BBE1CCB2AA4009AA88B /* UUMaybe.h in Headers */,
			);
			runOnlyForDeploymentPostprocessing = 0;
		};
/* End PBXHeadersBuildPhase section */

/* Begin PBXNativeTarget section */
		AA032B9E1CCB2A54009AA88B /* UsefulUtils */ = {
			isa = PBXNativeTarget;
			buildConfigurationList = AA032BB01CCB2A54009AA88B /* Build configuration list for PBXNativeTarget "UsefulUtils" */;
			buildPhases = (
				AA032B9A1CCB2A54009AA88B /* Sources */,
				AA032B9B1CCB2A54009AA88B /* Frameworks */,
				AA032B9C1CCB2A54009AA88B /* Headers */,
				AA032B9D1CCB2A54009AA88B /* Resources */,
			);
			buildRules = (
			);
			dependencies = (
			);
			name = UsefulUtils;
			productName = UsefulUtils;
			productReference = AA032B9F1CCB2A54009AA88B /* UsefulUtils.framework */;
			productType = "com.apple.product-type.framework";
		};
		AA032BA71CCB2A54009AA88B /* UsefulUtilsTests */ = {
			isa = PBXNativeTarget;
			buildConfigurationList = AA032BB31CCB2A54009AA88B /* Build configuration list for PBXNativeTarget "UsefulUtilsTests" */;
			buildPhases = (
				AA032BA41CCB2A54009AA88B /* Sources */,
				AA032BA51CCB2A54009AA88B /* Frameworks */,
				AA032BA61CCB2A54009AA88B /* Resources */,
			);
			buildRules = (
			);
			dependencies = (
				AA032BAB1CCB2A54009AA88B /* PBXTargetDependency */,
			);
			name = UsefulUtilsTests;
			productName = UsefulUtilsTests;
			productReference = AA032BA81CCB2A54009AA88B /* UsefulUtilsTests.xctest */;
			productType = "com.apple.product-type.bundle.unit-test";
		};
/* End PBXNativeTarget section */

/* Begin PBXProject section */
		AA11D4181CC8AD8900A19EEB /* Project object */ = {
			isa = PBXProject;
			attributes = {
				LastUpgradeCheck = 0720;
				ORGANIZATIONNAME = "Steve Brunwasser";
				TargetAttributes = {
					AA032B9E1CCB2A54009AA88B = {
						CreatedOnToolsVersion = 7.3;
					};
					AA032BA71CCB2A54009AA88B = {
						CreatedOnToolsVersion = 7.3;
					};
				};
			};
			buildConfigurationList = AA11D41B1CC8AD8900A19EEB /* Build configuration list for PBXProject "UsefulUtils" */;
			compatibilityVersion = "Xcode 3.2";
			developmentRegion = English;
			hasScannedForEncodings = 0;
			knownRegions = (
				en,
			);
			mainGroup = AA11D4171CC8AD8900A19EEB;
			productRefGroup = AA11D4211CC8AD8900A19EEB /* Products */;
			projectDirPath = "";
			projectRoot = "";
			targets = (
				AA032B9E1CCB2A54009AA88B /* UsefulUtils */,
				AA032BA71CCB2A54009AA88B /* UsefulUtilsTests */,
			);
		};
/* End PBXProject section */

/* Begin PBXResourcesBuildPhase section */
		AA032B9D1CCB2A54009AA88B /* Resources */ = {
			isa = PBXResourcesBuildPhase;
			buildActionMask = 2147483647;
			files = (
			);
			runOnlyForDeploymentPostprocessing = 0;
		};
		AA032BA61CCB2A54009AA88B /* Resources */ = {
			isa = PBXResourcesBuildPhase;
			buildActionMask = 2147483647;
			files = (
			);
			runOnlyForDeploymentPostprocessing = 0;
		};
/* End PBXResourcesBuildPhase section */

/* Begin PBXSourcesBuildPhase section */
		AA032B9A1CCB2A54009AA88B /* Sources */ = {
			isa = PBXSourcesBuildPhase;
			buildActionMask = 2147483647;
			files = (
				AA032BB61CCB2A9D009AA88B /* UUSource.m in Sources */,
				AA032BC11CCB2AA4009AA88B /* UUDispatch.m in Sources */,
				AA032BC91CCB2DAE009AA88B /* UUMap.m in Sources */,
				AA032BBB1CCB2AA4009AA88B /* UUSubscription.m in Sources */,
				AA032BC51CCB2C62009AA88B /* UUTask.m in Sources */,
				AA032BBD1CCB2AA4009AA88B /* UUCancellable.m in Sources */,
				AA032BB91CCB2AA4009AA88B /* UUSignal.m in Sources */,
				AA032BBF1CCB2AA4009AA88B /* UUMaybe.m in Sources */,
			);
			runOnlyForDeploymentPostprocessing = 0;
		};
		AA032BA41CCB2A54009AA88B /* Sources */ = {
			isa = PBXSourcesBuildPhase;
			buildActionMask = 2147483647;
			files = (
				AA032BAE1CCB2A54009AA88B /* UsefulUtilsTests.m in Sources */,
			);
			runOnlyForDeploymentPostprocessing = 0;
		};
/* End PBXSourcesBuildPhase section */

/* Begin PBXTargetDependency section */
		AA032BAB1CCB2A54009AA88B /* PBXTargetDependency */ = {
			isa = PBXTargetDependency;
			target = AA032B9E1CCB2A54009AA88B /* UsefulUtils */;
			targetProxy = AA032BAA1CCB2A54009AA88B /* PBXContainerItemProxy */;
		};
/* End PBXTargetDependency section */

/* Begin XCBuildConfiguration section */
		AA032BB11CCB2A54009AA88B /* Debug */ = {
			isa = XCBuildConfiguration;
			buildSettings = {
				CLANG_ANALYZER_NONNULL = YES;
				CURRENT_PROJECT_VERSION = 1;
				DEFINES_MODULE = YES;
				DYLIB_COMPATIBILITY_VERSION = 1;
				DYLIB_CURRENT_VERSION = 1;
				DYLIB_INSTALL_NAME_BASE = "@rpath";
				INFOPLIST_FILE = UsefulUtils/Info.plist;
				INSTALL_PATH = "$(LOCAL_LIBRARY_DIR)/Frameworks";
				IPHONEOS_DEPLOYMENT_TARGET = 9.3;
				LD_RUNPATH_SEARCH_PATHS = "$(inherited) @executable_path/Frameworks @loader_path/Frameworks";
				PRODUCT_BUNDLE_IDENTIFIER = com.altece.UsefulUtils;
				PRODUCT_NAME = "$(TARGET_NAME)";
				SKIP_INSTALL = YES;
				TARGETED_DEVICE_FAMILY = "1,2";
				VERSIONING_SYSTEM = "apple-generic";
				VERSION_INFO_PREFIX = "";
			};
			name = Debug;
		};
		AA032BB21CCB2A54009AA88B /* Release */ = {
			isa = XCBuildConfiguration;
			buildSettings = {
				CLANG_ANALYZER_NONNULL = YES;
				CURRENT_PROJECT_VERSION = 1;
				DEFINES_MODULE = YES;
				DYLIB_COMPATIBILITY_VERSION = 1;
				DYLIB_CURRENT_VERSION = 1;
				DYLIB_INSTALL_NAME_BASE = "@rpath";
				INFOPLIST_FILE = UsefulUtils/Info.plist;
				INSTALL_PATH = "$(LOCAL_LIBRARY_DIR)/Frameworks";
				IPHONEOS_DEPLOYMENT_TARGET = 9.3;
				LD_RUNPATH_SEARCH_PATHS = "$(inherited) @executable_path/Frameworks @loader_path/Frameworks";
				PRODUCT_BUNDLE_IDENTIFIER = com.altece.UsefulUtils;
				PRODUCT_NAME = "$(TARGET_NAME)";
				SKIP_INSTALL = YES;
				TARGETED_DEVICE_FAMILY = "1,2";
				VERSIONING_SYSTEM = "apple-generic";
				VERSION_INFO_PREFIX = "";
			};
			name = Release;
		};
		AA032BB41CCB2A54009AA88B /* Debug */ = {
			isa = XCBuildConfiguration;
			buildSettings = {
				CLANG_ANALYZER_NONNULL = YES;
				INFOPLIST_FILE = UsefulUtilsTests/Info.plist;
				IPHONEOS_DEPLOYMENT_TARGET = 9.3;
				LD_RUNPATH_SEARCH_PATHS = "$(inherited) @executable_path/Frameworks @loader_path/Frameworks";
				PRODUCT_BUNDLE_IDENTIFIER = com.altece.UsefulUtilsTests;
				PRODUCT_NAME = "$(TARGET_NAME)";
			};
			name = Debug;
		};
		AA032BB51CCB2A54009AA88B /* Release */ = {
			isa = XCBuildConfiguration;
			buildSettings = {
				CLANG_ANALYZER_NONNULL = YES;
				INFOPLIST_FILE = UsefulUtilsTests/Info.plist;
				IPHONEOS_DEPLOYMENT_TARGET = 9.3;
				LD_RUNPATH_SEARCH_PATHS = "$(inherited) @executable_path/Frameworks @loader_path/Frameworks";
				PRODUCT_BUNDLE_IDENTIFIER = com.altece.UsefulUtilsTests;
				PRODUCT_NAME = "$(TARGET_NAME)";
			};
			name = Release;
		};
		AA11D4271CC8AD8900A19EEB /* Debug */ = {
			isa = XCBuildConfiguration;
			buildSettings = {
				ALWAYS_SEARCH_USER_PATHS = NO;
				CLANG_CXX_LANGUAGE_STANDARD = "gnu++0x";
				CLANG_CXX_LIBRARY = "libc++";
				CLANG_ENABLE_MODULES = YES;
				CLANG_ENABLE_OBJC_ARC = YES;
				CLANG_WARN_BOOL_CONVERSION = YES;
				CLANG_WARN_CONSTANT_CONVERSION = YES;
				CLANG_WARN_DIRECT_OBJC_ISA_USAGE = YES_ERROR;
				CLANG_WARN_EMPTY_BODY = YES;
				CLANG_WARN_ENUM_CONVERSION = YES;
				CLANG_WARN_INT_CONVERSION = YES;
				CLANG_WARN_OBJC_ROOT_CLASS = YES_ERROR;
				CLANG_WARN_UNREACHABLE_CODE = YES;
				CLANG_WARN__DUPLICATE_METHOD_MATCH = YES;
				"CODE_SIGN_IDENTITY[sdk=iphoneos*]" = "iPhone Developer";
				COPY_PHASE_STRIP = NO;
				DEBUG_INFORMATION_FORMAT = dwarf;
				ENABLE_STRICT_OBJC_MSGSEND = YES;
				ENABLE_TESTABILITY = YES;
				GCC_C_LANGUAGE_STANDARD = gnu99;
				GCC_DYNAMIC_NO_PIC = NO;
				GCC_NO_COMMON_BLOCKS = YES;
				GCC_OPTIMIZATION_LEVEL = 0;
				GCC_PREPROCESSOR_DEFINITIONS = (
					"DEBUG=1",
					"$(inherited)",
				);
				GCC_WARN_64_TO_32_BIT_CONVERSION = YES;
				GCC_WARN_ABOUT_RETURN_TYPE = YES_ERROR;
				GCC_WARN_UNDECLARED_SELECTOR = YES;
				GCC_WARN_UNINITIALIZED_AUTOS = YES_AGGRESSIVE;
				GCC_WARN_UNUSED_FUNCTION = YES;
				GCC_WARN_UNUSED_VARIABLE = YES;
				IPHONEOS_DEPLOYMENT_TARGET = 9.2;
				MTL_ENABLE_DEBUG_INFO = YES;
				ONLY_ACTIVE_ARCH = YES;
				SDKROOT = iphoneos;
			};
			name = Debug;
		};
		AA11D4281CC8AD8900A19EEB /* Release */ = {
			isa = XCBuildConfiguration;
			buildSettings = {
				ALWAYS_SEARCH_USER_PATHS = NO;
				CLANG_CXX_LANGUAGE_STANDARD = "gnu++0x";
				CLANG_CXX_LIBRARY = "libc++";
				CLANG_ENABLE_MODULES = YES;
				CLANG_ENABLE_OBJC_ARC = YES;
				CLANG_WARN_BOOL_CONVERSION = YES;
				CLANG_WARN_CONSTANT_CONVERSION = YES;
				CLANG_WARN_DIRECT_OBJC_ISA_USAGE = YES_ERROR;
				CLANG_WARN_EMPTY_BODY = YES;
				CLANG_WARN_ENUM_CONVERSION = YES;
				CLANG_WARN_INT_CONVERSION = YES;
				CLANG_WARN_OBJC_ROOT_CLASS = YES_ERROR;
				CLANG_WARN_UNREACHABLE_CODE = YES;
				CLANG_WARN__DUPLICATE_METHOD_MATCH = YES;
				"CODE_SIGN_IDENTITY[sdk=iphoneos*]" = "iPhone Developer";
				COPY_PHASE_STRIP = NO;
				DEBUG_INFORMATION_FORMAT = "dwarf-with-dsym";
				ENABLE_NS_ASSERTIONS = NO;
				ENABLE_STRICT_OBJC_MSGSEND = YES;
				GCC_C_LANGUAGE_STANDARD = gnu99;
				GCC_NO_COMMON_BLOCKS = YES;
				GCC_WARN_64_TO_32_BIT_CONVERSION = YES;
				GCC_WARN_ABOUT_RETURN_TYPE = YES_ERROR;
				GCC_WARN_UNDECLARED_SELECTOR = YES;
				GCC_WARN_UNINITIALIZED_AUTOS = YES_AGGRESSIVE;
				GCC_WARN_UNUSED_FUNCTION = YES;
				GCC_WARN_UNUSED_VARIABLE = YES;
				IPHONEOS_DEPLOYMENT_TARGET = 9.2;
				MTL_ENABLE_DEBUG_INFO = NO;
				SDKROOT = iphoneos;
				VALIDATE_PRODUCT = YES;
			};
			name = Release;
		};
/* End XCBuildConfiguration section */

/* Begin XCConfigurationList section */
		AA032BB01CCB2A54009AA88B /* Build configuration list for PBXNativeTarget "UsefulUtils" */ = {
			isa = XCConfigurationList;
			buildConfigurations = (
				AA032BB11CCB2A54009AA88B /* Debug */,
				AA032BB21CCB2A54009AA88B /* Release */,
			);
			defaultConfigurationIsVisible = 0;
			defaultConfigurationName = Release;
		};
		AA032BB31CCB2A54009AA88B /* Build configuration list for PBXNativeTarget "UsefulUtilsTests" */ = {
			isa = XCConfigurationList;
			buildConfigurations = (
				AA032BB41CCB2A54009AA88B /* Debug */,
				AA032BB51CCB2A54009AA88B /* Release */,
			);
			defaultConfigurationIsVisible = 0;
			defaultConfigurationName = Release;
		};
		AA11D41B1CC8AD8900A19EEB /* Build configuration list for PBXProject "UsefulUtils" */ = {
			isa = XCConfigurationList;
			buildConfigurations = (
				AA11D4271CC8AD8900A19EEB /* Debug */,
				AA11D4281CC8AD8900A19EEB /* Release */,
			);
			defaultConfigurationIsVisible = 0;
			defaultConfigurationName = Release;
		};
/* End XCConfigurationList section */
	};
	rootObject = AA11D4181CC8AD8900A19EEB /* Project object */;
}
